{
  "name": "null",
  "lockfileVersion": 2,
  "requires": true,
  "packages": {
    "": {
      "dependencies": {
        "nop": "^1.0.0"
      }
    },
    "node_modules/nop": {
      "version": "1.0.0",
      "resolved": "https://registry.npmjs.org/nop/-/nop-1.0.0.tgz",
      "integrity": "sha512-XdkOuXGx0DTwlqb0DWTcDqelgU/F3YyZ+PTRaecpDVpkYskcnh3OeUYKfvjcRQ2D1diTIGxi/a3eHVjW5yPupQ=="
    }
  },
  "dependencies": {
    "nop": {
      "version": "1.0.0",
      "resolved": "https://registry.npmjs.org/nop/-/nop-1.0.0.tgz",
      "integrity": "sha512-XdkOuXGx0DTwlqb0DWTcDqelgU/F3YyZ+PTRaecpDVpkYskcnh3OeUYKfvjcRQ2D1diTIGxi/a3eHVjW5yPupQ=="
    }
  }
}
